
Microsoft Visual Studio Solution File, Format Version 12.00
# Visual Studio Version 16
VisualStudioVersion = 16.0.29306.81
MinimumVisualStudioVersion = 10.0.40219.1
Project("{FAE04EC0-301F-11D3-BF4B-00C04F79EFBC}") = "bibliotecaAuto", "bibliotecaAuto\bibliotecaAuto.csproj", "{1CCD9B16-F2C5-4A8D-8E04-F00C9C847556}"
EndProject
Project("{FAE04EC0-301F-11D3-BF4B-00C04F79EFBC}") = "WebProducto", "WebProducto\WebProducto.csproj", "{8E44EBDF-152D-4783-9972-AF968C5F87EA}"
EndProject
Project("{2150E333-8FDC-42A3-9474-1A3956D46DE8}") = "Img", "Img", "{E364F4C6-75D8-4D7F-A53C-9D3B0179B27A}"
	ProjectSection(SolutionItems) = preProject
		..\..\..\Desktop\0HPePazLafk-htyZYOKs7_FMgW8rVQjZ.jpg = ..\..\..\Desktop\0HPePazLafk-htyZYOKs7_FMgW8rVQjZ.jpg
		..\..\..\Desktop\0zcOXYp6H4mnWaCFxKahM_-g3uU1n6pV.png = ..\..\..\Desktop\0zcOXYp6H4mnWaCFxKahM_-g3uU1n6pV.png
		..\..\..\Desktop\wOzkBK1YqX3CUiTB6XyZSqnnGzewLjpA.png = ..\..\..\Desktop\wOzkBK1YqX3CUiTB6XyZSqnnGzewLjpA.png
	EndProjectSection
EndProject
Project("{2150E333-8FDC-42A3-9474-1A3956D46DE8}") = "css", "css", "{6F28D93E-F8A1-4756-9C53-4C8993497A47}"
EndProject
Project("{2150E333-8FDC-42A3-9474-1A3956D46DE8}") = "js", "js", "{F128CF11-F771-4103-95DB-E030FD590D38}"
EndProject
Global
	GlobalSection(SolutionConfigurationPlatforms) = preSolution
		Debug|Any CPU = Debug|Any CPU
		Release|Any CPU = Release|Any CPU
	EndGlobalSection
	GlobalSection(ProjectConfigurationPlatforms) = postSolution
		{1CCD9B16-F2C5-4A8D-8E04-F00C9C847556}.Debug|Any CPU.ActiveCfg = Debug|Any CPU
		{1CCD9B16-F2C5-4A8D-8E04-F00C9C847556}.Debug|Any CPU.Build.0 = Debug|Any CPU
		{1CCD9B16-F2C5-4A8D-8E04-F00C9C847556}.Release|Any CPU.ActiveCfg = Release|Any CPU
		{1CCD9B16-F2C5-4A8D-8E04-F00C9C847556}.Release|Any CPU.Build.0 = Release|Any CPU
		{8E44EBDF-152D-4783-9972-AF968C5F87EA}.Debug|Any CPU.ActiveCfg = Debug|Any CPU
		{8E44EBDF-152D-4783-9972-AF968C5F87EA}.Debug|Any CPU.Build.0 = Debug|Any CPU
		{8E44EBDF-152D-4783-9972-AF968C5F87EA}.Release|Any CPU.ActiveCfg = Release|Any CPU
		{8E44EBDF-152D-4783-9972-AF968C5F87EA}.Release|Any CPU.Build.0 = Release|Any CPU
	EndGlobalSection
	GlobalSection(SolutionProperties) = preSolution
		HideSolutionNode = FALSE
	EndGlobalSection
	GlobalSection(ExtensibilityGlobals) = postSolution
		SolutionGuid = {2F0B3144-8266-46D4-8758-A837F79AD378}
	EndGlobalSection
EndGlobal
